// !$*UTF8*$!
{
	archiveVersion = 1;
	classes = {
	};
	objectVersion = 46;
	objects = {

/* Begin PBXBuildFile section */
		28900BA81BA4DD2B00996D9F /* ResourcePath.mm in Sources */ = {isa = PBXBuildFile; fileRef = 28900BA71BA4DD2B00996D9F /* ResourcePath.mm */; };
		28900BAB1BA4DD2B00996D9F /* main.cpp in Sources */ = {isa = PBXBuildFile; fileRef = 28900BAA1BA4DD2B00996D9F /* main.cpp */; };
		28900BAE1BA4DD2B00996D9F /* cute_image.jpg in Resources */ = {isa = PBXBuildFile; fileRef = 28900BAD1BA4DD2B00996D9F /* cute_image.jpg */; };
		28900BB01BA4DD2B00996D9F /* nice_music.ogg in Resources */ = {isa = PBXBuildFile; fileRef = 28900BAF1BA4DD2B00996D9F /* nice_music.ogg */; };
		28900BB21BA4DD2B00996D9F /* sansation.ttf in Resources */ = {isa = PBXBuildFile; fileRef = 28900BB11BA4DD2B00996D9F /* sansation.ttf */; };
		28900BB41BA4DD2B00996D9F /* icon.png in Resources */ = {isa = PBXBuildFile; fileRef = 28900BB31BA4DD2B00996D9F /* icon.png */; };
		28900BBC1BA4DD4000996D9F /* Textbox.cpp in Sources */ = {isa = PBXBuildFile; fileRef = 28900BBA1BA4DD4000996D9F /* Textbox.cpp */; };
/* End PBXBuildFile section */

/* Begin PBXFileReference section */
		28900BA21BA4DD2B00996D9F /* SFML Textbox.app */ = {isa = PBXFileReference; explicitFileType = wrapper.application; includeInIndex = 0; path = "SFML Textbox.app"; sourceTree = BUILT_PRODUCTS_DIR; };
		28900BA61BA4DD2B00996D9F /* SFML Textbox-Info.plist */ = {isa = PBXFileReference; lastKnownFileType = text.plist.xml; path = "SFML Textbox-Info.plist"; sourceTree = "<group>"; };
		28900BA71BA4DD2B00996D9F /* ResourcePath.mm */ = {isa = PBXFileReference; lastKnownFileType = sourcecode.cpp.objcpp; path = ResourcePath.mm; sourceTree = "<group>"; };
		28900BA91BA4DD2B00996D9F /* ResourcePath.hpp */ = {isa = PBXFileReference; lastKnownFileType = sourcecode.cpp.h; path = ResourcePath.hpp; sourceTree = "<group>"; };
		28900BAA1BA4DD2B00996D9F /* main.cpp */ = {isa = PBXFileReference; lastKnownFileType = sourcecode.cpp.cpp; path = main.cpp; sourceTree = "<group>"; };
		28900BAD1BA4DD2B00996D9F /* cute_image.jpg */ = {isa = PBXFileReference; lastKnownFileType = image.jpeg; path = cute_image.jpg; sourceTree = "<group>"; };
		28900BAF1BA4DD2B00996D9F /* nice_music.ogg */ = {isa = PBXFileReference; lastKnownFileType = file; path = nice_music.ogg; sourceTree = "<group>"; };
		28900BB11BA4DD2B00996D9F /* sansation.ttf */ = {isa = PBXFileReference; lastKnownFileType = file; path = sansation.ttf; sourceTree = "<group>"; };
		28900BB31BA4DD2B00996D9F /* icon.png */ = {isa = PBXFileReference; lastKnownFileType = image.png; path = icon.png; sourceTree = "<group>"; };
		28900BBA1BA4DD4000996D9F /* Textbox.cpp */ = {isa = PBXFileReference; fileEncoding = 4; lastKnownFileType = sourcecode.cpp.cpp; path = Textbox.cpp; sourceTree = "<group>"; };
		28900BBB1BA4DD4000996D9F /* Textbox.hpp */ = {isa = PBXFileReference; fileEncoding = 4; lastKnownFileType = sourcecode.cpp.h; path = Textbox.hpp; sourceTree = "<group>"; };
/* End PBXFileReference section */

/* Begin PBXFrameworksBuildPhase section */
		28900B9E1BA4DD2B00996D9F /* Frameworks */ = {
			isa = PBXFrameworksBuildPhase;
			buildActionMask = 2147483647;
			files = (
			);
			runOnlyForDeploymentPostprocessing = 0;
		};
/* End PBXFrameworksBuildPhase section */

/* Begin PBXGroup section */
		28900B981BA4DD2B00996D9F = {
			isa = PBXGroup;
			children = (
				28900BA41BA4DD2B00996D9F /* SFML Textbox */,
				28900BA31BA4DD2B00996D9F /* Products */,
			);
			sourceTree = "<group>";
		};
		28900BA31BA4DD2B00996D9F /* Products */ = {
			isa = PBXGroup;
			children = (
				28900BA21BA4DD2B00996D9F /* SFML Textbox.app */,
			);
			name = Products;
			sourceTree = "<group>";
		};
		28900BA41BA4DD2B00996D9F /* SFML Textbox */ = {
			isa = PBXGroup;
			children = (
				28900BA71BA4DD2B00996D9F /* ResourcePath.mm */,
				28900BA91BA4DD2B00996D9F /* ResourcePath.hpp */,
				28900BAA1BA4DD2B00996D9F /* main.cpp */,
				28900BBA1BA4DD4000996D9F /* Textbox.cpp */,
				28900BBB1BA4DD4000996D9F /* Textbox.hpp */,
				28900BAC1BA4DD2B00996D9F /* Resources */,
				28900BA51BA4DD2B00996D9F /* Supporting Files */,
			);
			path = "SFML Textbox";
			sourceTree = "<group>";
		};
		28900BA51BA4DD2B00996D9F /* Supporting Files */ = {
			isa = PBXGroup;
			children = (
				28900BA61BA4DD2B00996D9F /* SFML Textbox-Info.plist */,
			);
			name = "Supporting Files";
			sourceTree = "<group>";
		};
		28900BAC1BA4DD2B00996D9F /* Resources */ = {
			isa = PBXGroup;
			children = (
				28900BAD1BA4DD2B00996D9F /* cute_image.jpg */,
				28900BAF1BA4DD2B00996D9F /* nice_music.ogg */,
				28900BB11BA4DD2B00996D9F /* sansation.ttf */,
				28900BB31BA4DD2B00996D9F /* icon.png */,
			);
			name = Resources;
			sourceTree = "<group>";
		};
/* End PBXGroup section */

/* Begin PBXNativeTarget section */
		28900BA11BA4DD2B00996D9F /* SFML Textbox */ = {
			isa = PBXNativeTarget;
			buildConfigurationList = 28900BB71BA4DD2B00996D9F /* Build configuration list for PBXNativeTarget "SFML Textbox" */;
			buildPhases = (
				28900B9D1BA4DD2B00996D9F /* Sources */,
				28900B9E1BA4DD2B00996D9F /* Frameworks */,
				28900B9F1BA4DD2B00996D9F /* Resources */,
				28900BA01BA4DD2B00996D9F /* ShellScript */,
			);
			buildRules = (
			);
			dependencies = (
			);
			name = "SFML Textbox";
			productName = "SFML Textbox";
			productReference = 28900BA21BA4DD2B00996D9F /* SFML Textbox.app */;
			productType = "com.apple.product-type.application";
		};
/* End PBXNativeTarget section */

/* Begin PBXProject section */
		28900B991BA4DD2B00996D9F /* Project object */ = {
			isa = PBXProject;
			attributes = {
				LastUpgradeCheck = 0700;
				ORGANIZATIONNAME = "Thomas Redding";
				TargetAttributes = {
					28900BA11BA4DD2B00996D9F = {
						CreatedOnToolsVersion = 7.0;
					};
				};
			};
			buildConfigurationList = 28900B9C1BA4DD2B00996D9F /* Build configuration list for PBXProject "SFML Textbox" */;
			compatibilityVersion = "Xcode 3.2";
			developmentRegion = English;
			hasScannedForEncodings = 0;
			knownRegions = (
				en,
			);
			mainGroup = 28900B981BA4DD2B00996D9F;
			productRefGroup = 28900BA31BA4DD2B00996D9F /* Products */;
			projectDirPath = "";
			projectRoot = "";
			targets = (
				28900BA11BA4DD2B00996D9F /* SFML Textbox */,
			);
		};
/* End PBXProject section */

/* Begin PBXResourcesBuildPhase section */
		28900B9F1BA4DD2B00996D9F /* Resources */ = {
			isa = PBXResourcesBuildPhase;
			buildActionMask = 2147483647;
			files = (
				28900BB41BA4DD2B00996D9F /* icon.png in Resources */,
				28900BB21BA4DD2B00996D9F /* sansation.ttf in Resources */,
				28900BB01BA4DD2B00996D9F /* nice_music.ogg in Resources */,
				28900BAE1BA4DD2B00996D9F /* cute_image.jpg in Resources */,
			);
			runOnlyForDeploymentPostprocessing = 0;
		};
/* End PBXResourcesBuildPhase section */

/* Begin PBXShellScriptBuildPhase section */
		28900BA01BA4DD2B00996D9F /* ShellScript */ = {
			isa = PBXShellScriptBuildPhase;
			buildActionMask = 2147483647;
			files = (
			);
			inputPaths = (
			);
			outputPaths = (
			);
			runOnlyForDeploymentPostprocessing = 0;
			shellPath = /bin/sh;
			shellScript = "# This shell script simply copies required SFML dylibs/frameworks into the application bundle frameworks folder.\n# If you're using static libraries (which is not recommended) you should remove this script from your project.\n\n# Are we building a project that uses frameworks or dylibs?\ncase \"$SFML_BINARY_TYPE\" in\n    DYLIBS)\n        frameworks=\"false\"\n        ;;\n    *)\n        frameworks=\"true\"\n        ;;\nesac\n\n# Echoes to stderr\nerror () # $* message to display\n{\n    echo $* 1>&2\n    exit 2\n}\n\nassert () # $1 is a boolean, $2...N is an error message\n{\n    if [ $# -lt 2 ]\n    then\n        error \"Internal error in assert : not enough args\"\n    fi\n\n    if [ $1 -ne 0 ]\n    then\n        shift\n        error \"$*\"\n    fi\n}\n\nforce_remove () # $@ is some paths\n{\n    test $# -ge 1\n    assert $? \"force_remove() requires at least one parameter\"\n    rm -fr $@\n    assert $? \"couldn't remove $@\"\n}\n\ncopy () # $1 is a source, $2 is a destination\n{\n    test $# -eq 2\n    assert $? \"copy() requires two parameters\"\n    ditto \"$1\" \"$2\"\n    assert $? \"couldn't copy $1 to $2\"\n}\n\nrequire () # $1 is a SFML module like 'system' or 'audio'\n{\n    dest=\"$BUILT_PRODUCTS_DIR/$PRODUCT_NAME.app/Contents/Frameworks\"\n\n    if [ -z \"$1\" ]\n    then\n        error \"require() requires one parameter!\"\n    else\n        # clean potentially old stuff\n        force_remove \"$dest/libsfml-$1\"*\n        force_remove \"$dest/sfml-$1.framework\"\n\n        # copy SFML libraries\n        if [ \"$frameworks\" = \"true\" ]\n        then\n            source=\"/Library/Frameworks/sfml-$1.framework\"\n            target=\"sfml-$1.framework\"\n        elif [ \"$SFML_LINK_DYLIBS_SUFFIX\" = \"-d\" ]\n        then\n            source=\"/usr/local/lib/libsfml-$1-d.dylib\"\n            target=\"`readlink $source`\"\n        else\n            source=\"/usr/local/lib/libsfml-$1.dylib\"\n            target=\"`readlink $source`\"\n        fi\n\n        copy \"$source\" \"$dest/$target\"\n\n        # copy extra dependencies\n        if [ \"$1\" = \"audio\" ]\n        then\n            # copy sndfile framework too\n            copy \"/Library/Frameworks/sndfile.framework\" \"$dest/sndfile.framework\"\n        elif [ \"$1\" = \"graphics\" ]\n        then\n            # copy freetype framework too\n            copy \"/Library/Frameworks/freetype.framework\" \"$dest/freetype.framework\"\n        fi\n    fi\n}\n\nif [ -n \"$SFML_SYSTEM\" ]\nthen\n    require \"system\"\nfi\n\nif [ -n \"$SFML_AUDIO\" ]\nthen\n    require \"audio\"\nfi\n\nif [ -n \"$SFML_NETWORK\" ]\nthen\n    require \"network\"\nfi\n\nif [ -n \"$SFML_WINDOW\" ]\nthen\n    require \"window\"\nfi\n\nif [ -n \"$SFML_GRAPHICS\" ]\nthen\n    require \"graphics\"\nfi\n\n                ";
		};
/* End PBXShellScriptBuildPhase section */

/* Begin PBXSourcesBuildPhase section */
		28900B9D1BA4DD2B00996D9F /* Sources */ = {
			isa = PBXSourcesBuildPhase;
			buildActionMask = 2147483647;
			files = (
				28900BBC1BA4DD4000996D9F /* Textbox.cpp in Sources */,
				28900BAB1BA4DD2B00996D9F /* main.cpp in Sources */,
				28900BA81BA4DD2B00996D9F /* ResourcePath.mm in Sources */,
			);
			runOnlyForDeploymentPostprocessing = 0;
		};
/* End PBXSourcesBuildPhase section */

/* Begin XCBuildConfiguration section */
		28900BB51BA4DD2B00996D9F /* Debug */ = {
			isa = XCBuildConfiguration;
			buildSettings = {
				ARCHS = (
					i386,
					x86_64,
				);
				CLANG_CXX_LANGUAGE_STANDARD = "c++0x";
				CLANG_CXX_LIBRARY = "libc++";
				FRAMEWORK_SEARCH_PATHS = (
					/Library/Frameworks/,
					"$(inherited)",
				);
				GCC_VERSION = com.apple.compilers.llvm.clang.1_0;
				HEADER_SEARCH_PATHS = (
					/usr/local/include/,
					"$(inherited)",
				);
				LIBRARY_SEARCH_PATHS = (
					/usr/local/lib/,
					"$(inherited)",
				);
				MACOSX_DEPLOYMENT_TARGET = 10.7;
				OTHER_LDFLAGS = (
					"$(inherited)",
					"$(SFML_SYSTEM)",
					"$(SFML_WINDOW)",
					"$(SFML_GRAPHICS)",
					"$(SFML_AUDIO)",
					"$(SFML_NETWORK)",
				);
				SFML_AUDIO = "$(SFML_LINK_PREFIX) sfml-audio$(SFML_LINK_SUFFIX)";
				SFML_BINARY_TYPE = FRAMEWORKS;
				SFML_GRAPHICS = "$(SFML_LINK_PREFIX) sfml-graphics$(SFML_LINK_SUFFIX)";
				SFML_LINK_DYLIBS_PREFIX = "-l";
				SFML_LINK_DYLIBS_SUFFIX = "";
				SFML_LINK_FRAMEWORKS_PREFIX = "-framework";
				SFML_LINK_FRAMEWORKS_SUFFIX = "";
				SFML_LINK_PREFIX = "$(SFML_LINK_$(SFML_BINARY_TYPE)_PREFIX)";
				SFML_LINK_SUFFIX = "$(SFML_LINK_$(SFML_BINARY_TYPE)_SUFFIX)";
				SFML_NETWORK = "$(SFML_LINK_PREFIX) sfml-network$(SFML_LINK_SUFFIX)";
				SFML_SYSTEM = "$(SFML_LINK_PREFIX) sfml-system$(SFML_LINK_SUFFIX)";
				SFML_WINDOW = "$(SFML_LINK_PREFIX) sfml-window$(SFML_LINK_SUFFIX)";
				SUPPORTED_PLATFORMS = macosx;
			};
			name = Debug;
		};
		28900BB61BA4DD2B00996D9F /* Release */ = {
			isa = XCBuildConfiguration;
			buildSettings = {
				ARCHS = (
					i386,
					x86_64,
				);
				CLANG_CXX_LANGUAGE_STANDARD = "c++0x";
				CLANG_CXX_LIBRARY = "libc++";
				FRAMEWORK_SEARCH_PATHS = (
					/Library/Frameworks/,
					"$(inherited)",
				);
				GCC_VERSION = com.apple.compilers.llvm.clang.1_0;
				HEADER_SEARCH_PATHS = (
					/usr/local/include/,
					"$(inherited)",
				);
				LIBRARY_SEARCH_PATHS = (
					/usr/local/lib/,
					"$(inherited)",
				);
				MACOSX_DEPLOYMENT_TARGET = 10.7;
				OTHER_LDFLAGS = (
					"$(inherited)",
					"$(SFML_SYSTEM)",
					"$(SFML_WINDOW)",
					"$(SFML_GRAPHICS)",
					"$(SFML_AUDIO)",
					"$(SFML_NETWORK)",
				);
				SFML_AUDIO = "$(SFML_LINK_PREFIX) sfml-audio$(SFML_LINK_SUFFIX)";
				SFML_BINARY_TYPE = FRAMEWORKS;
				SFML_GRAPHICS = "$(SFML_LINK_PREFIX) sfml-graphics$(SFML_LINK_SUFFIX)";
				SFML_LINK_DYLIBS_PREFIX = "-l";
				SFML_LINK_DYLIBS_SUFFIX = "";
				SFML_LINK_FRAMEWORKS_PREFIX = "-framework";
				SFML_LINK_FRAMEWORKS_SUFFIX = "";
				SFML_LINK_PREFIX = "$(SFML_LINK_$(SFML_BINARY_TYPE)_PREFIX)";
				SFML_LINK_SUFFIX = "$(SFML_LINK_$(SFML_BINARY_TYPE)_SUFFIX)";
				SFML_NETWORK = "$(SFML_LINK_PREFIX) sfml-network$(SFML_LINK_SUFFIX)";
				SFML_SYSTEM = "$(SFML_LINK_PREFIX) sfml-system$(SFML_LINK_SUFFIX)";
				SFML_WINDOW = "$(SFML_LINK_PREFIX) sfml-window$(SFML_LINK_SUFFIX)";
				SUPPORTED_PLATFORMS = macosx;
			};
			name = Release;
		};
		28900BB81BA4DD2B00996D9F /* Debug */ = {
			isa = XCBuildConfiguration;
			buildSettings = {
				INFOPLIST_FILE = "SFML Textbox/SFML Textbox-Info.plist";
				LD_RUNPATH_SEARCH_PATHS = "@loader_path/../Frameworks";
				PRODUCT_NAME = "$(TARGET_NAME)";
			};
			name = Debug;
		};
		28900BB91BA4DD2B00996D9F /* Release */ = {
			isa = XCBuildConfiguration;
			buildSettings = {
				INFOPLIST_FILE = "SFML Textbox/SFML Textbox-Info.plist";
				LD_RUNPATH_SEARCH_PATHS = "@loader_path/../Frameworks";
				PRODUCT_NAME = "$(TARGET_NAME)";
			};
			name = Release;
		};
/* End XCBuildConfiguration section */

/* Begin XCConfigurationList section */
		28900B9C1BA4DD2B00996D9F /* Build configuration list for PBXProject "SFML Textbox" */ = {
			isa = XCConfigurationList;
			buildConfigurations = (
				28900BB51BA4DD2B00996D9F /* Debug */,
				28900BB61BA4DD2B00996D9F /* Release */,
			);
			defaultConfigurationIsVisible = 0;
			defaultConfigurationName = Release;
		};
		28900BB71BA4DD2B00996D9F /* Build configuration list for PBXNativeTarget "SFML Textbox" */ = {
			isa = XCConfigurationList;
			buildConfigurations = (
				28900BB81BA4DD2B00996D9F /* Debug */,
				28900BB91BA4DD2B00996D9F /* Release */,
			);
			defaultConfigurationIsVisible = 0;
		};
/* End XCConfigurationList section */
	};
	rootObject = 28900B991BA4DD2B00996D9F /* Project object */;
}
